Microsoft Visual Studio Solution File, Format Version 11.00
# Visual Studio 2008

Project("{1F4ACD44-3296-8E05-AEC9-4752C607D787}") = "The Pirate Game", "Assembly-CSharp-firstpass-vs.csproj", "{F1DD177C-D36D-B0DA-FDFB-DA056D507C45}"
EndProject
Project("{1F4ACD44-3296-8E05-AEC9-4752C607D787}") = "The Pirate Game", "Assembly-CSharp-vs.csproj", "{5BA89E18-FB90-9F18-AF50-3985E7F7A50F}"
EndProject
Project("{1F4ACD44-3296-8E05-AEC9-4752C607D787}") = "The Pirate Game", "Assembly-CSharp-Editor-vs.csproj", "{7EAEB418-5A75-82B5-892C-15222379F6C4}"
EndProject
Global
	GlobalSection(SolutionConfigurationPlatforms) = preSolution
		Debug|Any CPU = Debug|Any CPU
		Release|Any CPU = Release|Any CPU
	EndGlobalSection
	GlobalSection(ProjectConfigurationPlatforms) = postSolution
		{F1DD177C-D36D-B0DA-FDFB-DA056D507C45}.Debug|Any CPU.ActiveCfg = Debug|Any CPU
		{F1DD177C-D36D-B0DA-FDFB-DA056D507C45}.Debug|Any CPU.Build.0 = Debug|Any CPU
		{F1DD177C-D36D-B0DA-FDFB-DA056D507C45}.Release|Any CPU.ActiveCfg = Release|Any CPU
		{F1DD177C-D36D-B0DA-FDFB-DA056D507C45}.Release|Any CPU.Build.0 = Release|Any CPU
		{5BA89E18-FB90-9F18-AF50-3985E7F7A50F}.Debug|Any CPU.ActiveCfg = Debug|Any CPU
		{5BA89E18-FB90-9F18-AF50-3985E7F7A50F}.Debug|Any CPU.Build.0 = Debug|Any CPU
		{5BA89E18-FB90-9F18-AF50-3985E7F7A50F}.Release|Any CPU.ActiveCfg = Release|Any CPU
		{5BA89E18-FB90-9F18-AF50-3985E7F7A50F}.Release|Any CPU.Build.0 = Release|Any CPU
		{7EAEB418-5A75-82B5-892C-15222379F6C4}.Debug|Any CPU.ActiveCfg = Debug|Any CPU
		{7EAEB418-5A75-82B5-892C-15222379F6C4}.Debug|Any CPU.Build.0 = Debug|Any CPU
		{7EAEB418-5A75-82B5-892C-15222379F6C4}.Release|Any CPU.ActiveCfg = Release|Any CPU
		{7EAEB418-5A75-82B5-892C-15222379F6C4}.Release|Any CPU.Build.0 = Release|Any CPU
	EndGlobalSection
	GlobalSection(SolutionProperties) = preSolution
		HideSolutionNode = FALSE
	EndGlobalSection
																																																																																																																																																																																																		GlobalSection(MonoDevelopProperties) = preSolution
		StartupItem = Assembly-CSharp.csproj
		Policies = $0
		$0.TextStylePolicy = $1
		$1.inheritsSet = null
		$1.scope = text/x-csharp
		$0.CSharpFormattingPolicy = $2
		$2.inheritsSet = Mono
		$2.inheritsScope = text/x-csharp
		$2.scope = text/x-csharp
		$0.TextStylePolicy = $3
		$3.FileWidth = 120
		$3.TabWidth = 4
		$3.IndentWidth = 4
		$3.EolMarker = Unix
		$3.inheritsSet = Mono
		$3.inheritsScope = text/plain
		$3.scope = text/plain
	EndGlobalSection

EndGlobal
